# THIS IS AN AUTOGENERATED FILE. DO NOT EDIT THIS FILE DIRECTLY.
# yarn lockfile v1


commander@^12.1.0:
  version "12.1.0"
  resolved "https://registry.yarnpkg.com/commander/-/commander-12.1.0.tgz#01423b36f501259fdaac4d0e4d60c96c991585d3"
  integrity sha512-Vw8qHK3bZM9y/P10u3Vib8o/DdkvA2OtPtZvD871QKjy74Wj1WSKFILMPRPSdUSx5RFK1arlJzEtA4PkFgnbuA==

csv-generate@^4.4.1:
  version "4.4.1"
  resolved "https://registry.yarnpkg.com/csv-generate/-/csv-generate-4.4.1.tgz#729781ace8d1b92f6bfb407d1ab9548728c55681"
  integrity sha512-O/einO0v4zPmXaOV+sYqGa02VkST4GP5GLpWBNHEouIU7pF3kpGf3D0kCCvX82ydIY4EKkOK+R8b1BYsRXravg==

csv-parse@^5.5.6:
  version "5.5.6"
  resolved "https://registry.yarnpkg.com/csv-parse/-/csv-parse-5.5.6.tgz#0d726d58a60416361358eec291a9f93abe0b6b1a"
  integrity sha512-uNpm30m/AGSkLxxy7d9yRXpJQFrZzVWLFBkS+6ngPcZkw/5k3L/jjFuj7tVnEpRn+QgmiXr21nDlhCiUK4ij2A==

csv-stringify@^6.5.1:
  version "6.5.1"
  resolved "https://registry.yarnpkg.com/csv-stringify/-/csv-stringify-6.5.1.tgz#a31837dd35e34787e3c248159c982a21af964d94"
  integrity sha512-+9lpZfwpLntpTIEpFbwQyWuW/hmI/eHuJZD1XzeZpfZTqkf1fyvBbBLXTJJMsBuuS11uTShMqPwzx4A6ffXgRQ==

csv@^6.3.10:
  version "6.3.10"
  resolved "https://registry.yarnpkg.com/csv/-/csv-6.3.10.tgz#960a3a9cef08573ecca2d80ddb71152aca383088"
  integrity sha512-5NYZG4AN2ZUthmNxIudgBEdMPUnbQHu9V4QTzBPqQzUP3KQsFiJo+8HQ0+oVxj1PomIT1/f67VI1QH/hsrZLKA==
  dependencies:
    csv-generate "^4.4.1"
    csv-parse "^5.5.6"
    csv-stringify "^6.5.1"
    stream-transform "^3.3.2"

stream-transform@^3.3.2:
  version "3.3.2"
  resolved "https://registry.yarnpkg.com/stream-transform/-/stream-transform-3.3.2.tgz#398c67b2f3b6ed5d04ceadde9e412bda8416c8ab"
  integrity sha512-v64PUnPy9Qw94NGuaEMo+9RHQe4jTBYf+NkTtqkCgeuiNo8NlL0LtLR7fkKWNVFtp3RhIm5Dlxkgm5uz7TDimQ==
